{
  "version": 4,
  "terraform_version": "1.6.2",
  "serial": 836,
  "lineage": "4f03c057-7831-d4cc-6ede-3b1209f51d5d",
  "outputs": {
    "private_dns_master": {
      "value": "ip-10-0-1-142.ap-southeast-1.compute.internal",
      "type": "string"
    },
    "private_dns_worker": {
      "value": "ip-10-0-1-251.ap-southeast-1.compute.internal",
      "type": "string"
    },
    "private_ip_master": {
      "value": "10.0.1.142",
      "type": "string"
    },
    "private_ip_worker": {
      "value": "10.0.1.251",
      "type": "string"
    },
    "public_ip_master": {
      "value": "13.250.58.238",
      "type": "string"
    },
    "public_ip_worker": {
      "value": "13.212.13.71",
      "type": "string"
    },
    "role_trino_for_glue_vd_arn": {
      "value": "arn:aws:iam::039178755962:role/role_trino_for_glue_vd",
      "type": "string"
    },
    "role_trino_vd_arn": {
      "value": "arn:aws:iam::039178755962:role/role_trino_vd",
      "type": "string"
    }
  },
  "resources": [
    {
      "mode": "data",
      "type": "template_file",
      "name": "user_data_master",
      "provider": "provider[\"registry.terraform.io/hashicorp/template\"]",
      "instances": [
        {
          "schema_version": 0,
          "attributes": {
            "filename": null,
            "id": "1e3d5109611c765620b5e7033030d7c40c7ddf1058b6eb639d759a3383466b40",
            "rendered": "IyEvYmluL2Jhc2gKUFJJVkFURV9JUD0kKGN1cmwgaHR0cDovLzE2OS4yNTQuMTY5LjI1NC9sYXRlc3QvbWV0YS1kYXRhL2xvY2FsLWlwdjQpCiMgVXBkYXRlIHRoZSBwYWNrYWdlIGxpc3RzIGZvciB1cGdyYWRlcyBhbmQgbmV3IHBhY2thZ2UgaW5zdGFsbGF0aW9ucwpzdWRvIGFwdC1nZXQgdXBkYXRlCnN1ZG8gYXB0LWdldCBpbnN0YWxsIC15IHdnZXQgdGFyIHB5dGhvbjMgcHl0aG9uMy1waXAgb3Blbmpkay0xNy1qZGsKCm1rZGlyIC9jbGlfdHJpbm8KY2QgL2NsaV90cmlubwp3Z2V0ICdodHRwczovL3JlcG8xLm1hdmVuLm9yZy9tYXZlbjIvaW8vdHJpbm8vdHJpbm8tY2xpLzQyNS90cmluby1jbGktNDI1LWV4ZWN1dGFibGUuamFyJwoKIyBDcmVhdGUgZGlyZWN0b3J5IGZvciBUcmlubwpjZCAtLQpta2RpciAvdHJpbm8KCiMgTmF2aWdhdGUgdG8gdGhlIHRyaW5vIGRpcmVjdG9yeQpjZCAtLQpjZCAvdHJpbm8KCiMgRG93bmxvYWQgYW5kIGV4dHJhY3QgVHJpbm8Kd2dldCAnaHR0cHM6Ly9yZXBvMS5tYXZlbi5vcmcvbWF2ZW4yL2lvL3RyaW5vL3RyaW5vLXNlcnZlci80MjUvdHJpbm8tc2VydmVyLTQyNS50YXIuZ3onCnRhciB4enZmIHRyaW5vLXNlcnZlci00MjUudGFyLmd6CgojIFJlbmFtZSB0aGUgZXh0cmFjdGVkIGRpcmVjdG9yeSBhbmQgY3JlYXRlIG5lY2Vzc2FyeSBkaXJlY3RvcmllcwptdiB0cmluby1zZXJ2ZXItNDI1IHRyaW5vLXNlcnZlcgpjZCAtLQpjZCAvdHJpbm8KbWtkaXIgdHJpbm8tZGF0YQpjZCAtLQpjZCAvdHJpbm8KbWtkaXIgdHJpbm8tc2VydmVyL2V0YwoKIyBDcmVhdGUgYW5kIGNvbmZpZ3VyZSBub2RlLnByb3BlcnRpZXMgZmlsZQpjYXQgPiB0cmluby1zZXJ2ZXIvZXRjL25vZGUucHJvcGVydGllcyA8PCBFT0wKbm9kZS5lbnZpcm9ubWVudCA9IHByb2R1Y3Rpb24Kbm9kZS5pZCA9IHRyaW5vLW1hc3Rlcgpub2RlLmRhdGEtZGlyID0gL3RyaW5vL3RyaW5vLWRhdGEKRU9MCgojIENyZWF0ZSBhbmQgY29uZmlndXJlIGp2bS5jb25maWcgZmlsZQpjYXQgPiB0cmluby1zZXJ2ZXIvZXRjL2p2bS5jb25maWcgPDwgRU9MCi1zZXJ2ZXIKLVhteDNHCi1YWDpJbml0aWFsUkFNUGVyY2VudGFnZT04MAotWFg6TWF4UkFNUGVyY2VudGFnZT04MAotWFg6RzFIZWFwUmVnaW9uU2l6ZT0zMk0KLVhYOitFeHBsaWNpdEdDSW52b2tlc0NvbmN1cnJlbnQKLVhYOitFeGl0T25PdXRPZk1lbW9yeUVycm9yCi1YWDorSGVhcER1bXBPbk91dE9mTWVtb3J5RXJyb3IKLVhYOi1PbWl0U3RhY2tUcmFjZUluRmFzdFRocm93Ci1YWDpSZXNlcnZlZENvZGVDYWNoZVNpemU9NTEyTQotWFg6UGVyTWV0aG9kUmVjb21waWxhdGlvbkN1dG9mZj0xMDAwMAotWFg6UGVyQnl0ZWNvZGVSZWNvbXBpbGF0aW9uQ3V0b2ZmPTEwMDAwCi1EamRrLmF0dGFjaC5hbGxvd0F0dGFjaFNlbGY9dHJ1ZQotRGpkay5uaW8ubWF4Q2FjaGVkQnVmZmVyU2l6ZT0yMDAwMDAwCi1YWDorVW5sb2NrRGlhZ25vc3RpY1ZNT3B0aW9ucwotWFg6K1VzZUFFU0NUUkludHJpbnNpY3MKLURmaWxlLmVuY29kaW5nPVVURi04Ci1YWDotRzFVc2VQcmV2ZW50aXZlR0MKLVhYOkdDTG9ja2VyUmV0cnlBbGxvY2F0aW9uQ291bnQ9MzIKRU9MCgojIENyZWF0ZSBhbmQgY29uZmlndXJlIGNvbmZpZy5wcm9wZXJ0aWVzIGZpbGUKY2F0ID4gdHJpbm8tc2VydmVyL2V0Yy9jb25maWcucHJvcGVydGllcyA8PCBFT0wKY29vcmRpbmF0b3I9dHJ1ZQpub2RlLXNjaGVkdWxlci5pbmNsdWRlLWNvb3JkaW5hdG9yPWZhbHNlCmh0dHAtc2VydmVyLmh0dHAucG9ydD04MDgwCmRpc2NvdmVyeS51cmk9aHR0cDovLyRQUklWQVRFX0lQOjgwODAKRU9MCgojIENyZWF0ZSBhbmQgY29uZmlndXJlIGxvZy5wcm9wZXJ0aWVzIGZpbGUKY2F0ID4gdHJpbm8tc2VydmVyL2V0Yy9sb2cucHJvcGVydGllcyA8PCBFT0wKaW8udHJpbm89SU5GTwpFT0wKCiMgQ3JlYXRlIGNhdGFsb2cgZGlyZWN0b3J5IGFuZCBjb25maWd1cmUgY29ubmVjdG9yIHByb3BlcnRpZXMKY2QgLS0KY2QgL3RyaW5vCm1rZGlyIHRyaW5vLXNlcnZlci9ldGMvY2F0YWxvZwoKIyBEYXRhYnJpY2tzIGNvbm5lY3RvcgpjYXQgPiB0cmluby1zZXJ2ZXIvZXRjL2NhdGFsb2cvZGF0YWJyaWNrcy5wcm9wZXJ0aWVzIDw8IEVPTApjb25uZWN0b3IubmFtZT1kZWx0YV9sYWtlCmhpdmUubWV0YXN0b3JlPWdsdWUKaGl2ZS5tZXRhc3RvcmUuZ2x1ZS5yZWdpb249YXAtc291dGhlYXN0LTEKaGl2ZS5tZXRhc3RvcmUuZ2x1ZS5pYW0tcm9sZT0gJHtyb2xlX2Fybn0KaGl2ZS5tZXRhc3RvcmUuZ2x1ZS5hd3MtY3JlZGVudGlhbHMtcHJvdmlkZXI9Y29tLmFtYXpvbmF3cy5hdXRoLkluc3RhbmNlUHJvZmlsZUNyZWRlbnRpYWxzUHJvdmlkZXIKaGl2ZS5tZXRhc3RvcmUuZ2x1ZS5waW4tY2xpZW50LXRvLWN1cnJlbnQtcmVnaW9uPWZhbHNlCmhpdmUubWV0YXN0b3JlLmdsdWUubWF4LWNvbm5lY3Rpb25zPTMwCmhpdmUubWV0YXN0b3JlLmdsdWUubWF4LWVycm9yLXJldHJpZXM9MTEKRU9MCgojIFJlZHNoaWZ0IGNvbm5lY3RvcgpjYXQgPiB0cmluby1zZXJ2ZXIvZXRjL2NhdGFsb2cvcmVkc2hpZnQucHJvcGVydGllcyA8PCBFT0wKY29ubmVjdG9yLm5hbWU9cmVkc2hpZnQKY29ubmVjdGlvbi11cmw9amRiYzpyZWRzaGlmdDovL3JlZHNoaWZ0LWNsdXN0ZXItMS5jYXlzaTdlaGxma3YuYXAtc291dGhlYXN0LTEucmVkc2hpZnQuYW1hem9uYXdzLmNvbTo1NDM5L2Rldgpjb25uZWN0aW9uLXVzZXI9YXdzdXNlcgpjb25uZWN0aW9uLXBhc3N3b3JkPUR1Y3BoNDAxMApFT0wKCiMgUzMgY29ubmVjdG9yCmNhdCA+IHRyaW5vLXNlcnZlci9ldGMvY2F0YWxvZy9zMy5wcm9wZXJ0aWVzIDw8IEVPTApjb25uZWN0b3IubmFtZT1oaXZlCmhpdmUubWV0YXN0b3JlPWdsdWUKaGl2ZS5zMy5wYXRoLXN0eWxlLWFjY2Vzcz10cnVlCmhpdmUubWV0YXN0b3JlLmdsdWUucmVnaW9uPSBhcC1zb3V0aGVhc3QtMQpoaXZlLm1ldGFzdG9yZS5nbHVlLmlhbS1yb2xlPSAke3JvbGVfYXJuX2dsdWV9CmhpdmUubWV0YXN0b3JlLmdsdWUuYXdzLWNyZWRlbnRpYWxzLXByb3ZpZGVyPWNvbS5hbWF6b25hd3MuYXV0aC5JbnN0YW5jZVByb2ZpbGVDcmVkZW50aWFsc1Byb3ZpZGVyCmhpdmUubWV0YXN0b3JlLmdsdWUucGluLWNsaWVudC10by1jdXJyZW50LXJlZ2lvbj1mYWxzZQpoaXZlLnMzLnNzbC5lbmFibGVkPWZhbHNlCmhpdmUubm9uLW1hbmFnZWQtdGFibGUtd3JpdGVzLWVuYWJsZWQ9dHJ1ZQpoaXZlLnBhcnF1ZXQudXNlLWNvbHVtbi1uYW1lcz10cnVlCkVPTAoKIyBTZXQgcGVybWlzc2lvbnMgZm9yIHRoZSBUcmlubyBsYXVuY2hlcgpjZCAtLQpjaG1vZCAreCAvdHJpbm8vdHJpbm8tc2VydmVyL2Jpbi9sYXVuY2hlci5weQoKIyBTdGFydCBUcmlubwpjZCAtLQpjZCAvdHJpbm8vdHJpbm8tc2VydmVyL2JpbgpzdWRvIHB5dGhvbjMgbGF1bmNoZXIucHkgcnVuCnN1ZG8gcHl0aG9uMyBsYXVuY2hlci5weSBzdGFydAoKCg==",
            "template": "IyEvYmluL2Jhc2gKUFJJVkFURV9JUD0kKGN1cmwgaHR0cDovLzE2OS4yNTQuMTY5LjI1NC9sYXRlc3QvbWV0YS1kYXRhL2xvY2FsLWlwdjQpCiMgVXBkYXRlIHRoZSBwYWNrYWdlIGxpc3RzIGZvciB1cGdyYWRlcyBhbmQgbmV3IHBhY2thZ2UgaW5zdGFsbGF0aW9ucwpzdWRvIGFwdC1nZXQgdXBkYXRlCnN1ZG8gYXB0LWdldCBpbnN0YWxsIC15IHdnZXQgdGFyIHB5dGhvbjMgcHl0aG9uMy1waXAgb3Blbmpkay0xNy1qZGsKCm1rZGlyIC9jbGlfdHJpbm8KY2QgL2NsaV90cmlubwp3Z2V0ICdodHRwczovL3JlcG8xLm1hdmVuLm9yZy9tYXZlbjIvaW8vdHJpbm8vdHJpbm8tY2xpLzQyNS90cmluby1jbGktNDI1LWV4ZWN1dGFibGUuamFyJwoKIyBDcmVhdGUgZGlyZWN0b3J5IGZvciBUcmlubwpjZCAtLQpta2RpciAvdHJpbm8KCiMgTmF2aWdhdGUgdG8gdGhlIHRyaW5vIGRpcmVjdG9yeQpjZCAtLQpjZCAvdHJpbm8KCiMgRG93bmxvYWQgYW5kIGV4dHJhY3QgVHJpbm8Kd2dldCAnaHR0cHM6Ly9yZXBvMS5tYXZlbi5vcmcvbWF2ZW4yL2lvL3RyaW5vL3RyaW5vLXNlcnZlci80MjUvdHJpbm8tc2VydmVyLTQyNS50YXIuZ3onCnRhciB4enZmIHRyaW5vLXNlcnZlci00MjUudGFyLmd6CgojIFJlbmFtZSB0aGUgZXh0cmFjdGVkIGRpcmVjdG9yeSBhbmQgY3JlYXRlIG5lY2Vzc2FyeSBkaXJlY3RvcmllcwptdiB0cmluby1zZXJ2ZXItNDI1IHRyaW5vLXNlcnZlcgpjZCAtLQpjZCAvdHJpbm8KbWtkaXIgdHJpbm8tZGF0YQpjZCAtLQpjZCAvdHJpbm8KbWtkaXIgdHJpbm8tc2VydmVyL2V0YwoKIyBDcmVhdGUgYW5kIGNvbmZpZ3VyZSBub2RlLnByb3BlcnRpZXMgZmlsZQpjYXQgPiB0cmluby1zZXJ2ZXIvZXRjL25vZGUucHJvcGVydGllcyA8PCBFT0wKbm9kZS5lbnZpcm9ubWVudCA9IHByb2R1Y3Rpb24Kbm9kZS5pZCA9IHRyaW5vLW1hc3Rlcgpub2RlLmRhdGEtZGlyID0gL3RyaW5vL3RyaW5vLWRhdGEKRU9MCgojIENyZWF0ZSBhbmQgY29uZmlndXJlIGp2bS5jb25maWcgZmlsZQpjYXQgPiB0cmluby1zZXJ2ZXIvZXRjL2p2bS5jb25maWcgPDwgRU9MCi1zZXJ2ZXIKLVhteDNHCi1YWDpJbml0aWFsUkFNUGVyY2VudGFnZT04MAotWFg6TWF4UkFNUGVyY2VudGFnZT04MAotWFg6RzFIZWFwUmVnaW9uU2l6ZT0zMk0KLVhYOitFeHBsaWNpdEdDSW52b2tlc0NvbmN1cnJlbnQKLVhYOitFeGl0T25PdXRPZk1lbW9yeUVycm9yCi1YWDorSGVhcER1bXBPbk91dE9mTWVtb3J5RXJyb3IKLVhYOi1PbWl0U3RhY2tUcmFjZUluRmFzdFRocm93Ci1YWDpSZXNlcnZlZENvZGVDYWNoZVNpemU9NTEyTQotWFg6UGVyTWV0aG9kUmVjb21waWxhdGlvbkN1dG9mZj0xMDAwMAotWFg6UGVyQnl0ZWNvZGVSZWNvbXBpbGF0aW9uQ3V0b2ZmPTEwMDAwCi1EamRrLmF0dGFjaC5hbGxvd0F0dGFjaFNlbGY9dHJ1ZQotRGpkay5uaW8ubWF4Q2FjaGVkQnVmZmVyU2l6ZT0yMDAwMDAwCi1YWDorVW5sb2NrRGlhZ25vc3RpY1ZNT3B0aW9ucwotWFg6K1VzZUFFU0NUUkludHJpbnNpY3MKLURmaWxlLmVuY29kaW5nPVVURi04Ci1YWDotRzFVc2VQcmV2ZW50aXZlR0MKLVhYOkdDTG9ja2VyUmV0cnlBbGxvY2F0aW9uQ291bnQ9MzIKRU9MCgojIENyZWF0ZSBhbmQgY29uZmlndXJlIGNvbmZpZy5wcm9wZXJ0aWVzIGZpbGUKY2F0ID4gdHJpbm8tc2VydmVyL2V0Yy9jb25maWcucHJvcGVydGllcyA8PCBFT0wKY29vcmRpbmF0b3I9dHJ1ZQpub2RlLXNjaGVkdWxlci5pbmNsdWRlLWNvb3JkaW5hdG9yPWZhbHNlCmh0dHAtc2VydmVyLmh0dHAucG9ydD04MDgwCmRpc2NvdmVyeS51cmk9aHR0cDovLyRQUklWQVRFX0lQOjgwODAKRU9MCgojIENyZWF0ZSBhbmQgY29uZmlndXJlIGxvZy5wcm9wZXJ0aWVzIGZpbGUKY2F0ID4gdHJpbm8tc2VydmVyL2V0Yy9sb2cucHJvcGVydGllcyA8PCBFT0wKaW8udHJpbm89SU5GTwpFT0wKCiMgQ3JlYXRlIGNhdGFsb2cgZGlyZWN0b3J5IGFuZCBjb25maWd1cmUgY29ubmVjdG9yIHByb3BlcnRpZXMKY2QgLS0KY2QgL3RyaW5vCm1rZGlyIHRyaW5vLXNlcnZlci9ldGMvY2F0YWxvZwoKIyBEYXRhYnJpY2tzIGNvbm5lY3RvcgpjYXQgPiB0cmluby1zZXJ2ZXIvZXRjL2NhdGFsb2cvZGF0YWJyaWNrcy5wcm9wZXJ0aWVzIDw8IEVPTApjb25uZWN0b3IubmFtZT1kZWx0YV9sYWtlCmhpdmUubWV0YXN0b3JlPWdsdWUKaGl2ZS5tZXRhc3RvcmUuZ2x1ZS5yZWdpb249YXAtc291dGhlYXN0LTEKaGl2ZS5tZXRhc3RvcmUuZ2x1ZS5pYW0tcm9sZT0gJHtyb2xlX2Fybn0KaGl2ZS5tZXRhc3RvcmUuZ2x1ZS5hd3MtY3JlZGVudGlhbHMtcHJvdmlkZXI9Y29tLmFtYXpvbmF3cy5hdXRoLkluc3RhbmNlUHJvZmlsZUNyZWRlbnRpYWxzUHJvdmlkZXIKaGl2ZS5tZXRhc3RvcmUuZ2x1ZS5waW4tY2xpZW50LXRvLWN1cnJlbnQtcmVnaW9uPWZhbHNlCmhpdmUubWV0YXN0b3JlLmdsdWUubWF4LWNvbm5lY3Rpb25zPTMwCmhpdmUubWV0YXN0b3JlLmdsdWUubWF4LWVycm9yLXJldHJpZXM9MTEKRU9MCgojIFJlZHNoaWZ0IGNvbm5lY3RvcgpjYXQgPiB0cmluby1zZXJ2ZXIvZXRjL2NhdGFsb2cvcmVkc2hpZnQucHJvcGVydGllcyA8PCBFT0wKY29ubmVjdG9yLm5hbWU9cmVkc2hpZnQKY29ubmVjdGlvbi11cmw9amRiYzpyZWRzaGlmdDovL3JlZHNoaWZ0LWNsdXN0ZXItMS5jYXlzaTdlaGxma3YuYXAtc291dGhlYXN0LTEucmVkc2hpZnQuYW1hem9uYXdzLmNvbTo1NDM5L2Rldgpjb25uZWN0aW9uLXVzZXI9YXdzdXNlcgpjb25uZWN0aW9uLXBhc3N3b3JkPUR1Y3BoNDAxMApFT0wKCiMgUzMgY29ubmVjdG9yCmNhdCA+IHRyaW5vLXNlcnZlci9ldGMvY2F0YWxvZy9zMy5wcm9wZXJ0aWVzIDw8IEVPTApjb25uZWN0b3IubmFtZT1oaXZlCmhpdmUubWV0YXN0b3JlPWdsdWUKaGl2ZS5zMy5wYXRoLXN0eWxlLWFjY2Vzcz10cnVlCmhpdmUubWV0YXN0b3JlLmdsdWUucmVnaW9uPSBhcC1zb3V0aGVhc3QtMQpoaXZlLm1ldGFzdG9yZS5nbHVlLmlhbS1yb2xlPSAke3JvbGVfYXJuX2dsdWV9CmhpdmUubWV0YXN0b3JlLmdsdWUuYXdzLWNyZWRlbnRpYWxzLXByb3ZpZGVyPWNvbS5hbWF6b25hd3MuYXV0aC5JbnN0YW5jZVByb2ZpbGVDcmVkZW50aWFsc1Byb3ZpZGVyCmhpdmUubWV0YXN0b3JlLmdsdWUucGluLWNsaWVudC10by1jdXJyZW50LXJlZ2lvbj1mYWxzZQpoaXZlLnMzLnNzbC5lbmFibGVkPWZhbHNlCmhpdmUubm9uLW1hbmFnZWQtdGFibGUtd3JpdGVzLWVuYWJsZWQ9dHJ1ZQpoaXZlLnBhcnF1ZXQudXNlLWNvbHVtbi1uYW1lcz10cnVlCkVPTAoKIyBTZXQgcGVybWlzc2lvbnMgZm9yIHRoZSBUcmlubyBsYXVuY2hlcgpjZCAtLQpjaG1vZCAreCAvdHJpbm8vdHJpbm8tc2VydmVyL2Jpbi9sYXVuY2hlci5weQoKIyBTdGFydCBUcmlubwpjZCAtLQpjZCAvdHJpbm8vdHJpbm8tc2VydmVyL2JpbgpzdWRvIHB5dGhvbjMgbGF1bmNoZXIucHkgcnVuCnN1ZG8gcHl0aG9uMyBsYXVuY2hlci5weSBzdGFydAoKCg==",
            "vars": {
              "role_arn": "arn:aws:iam::039178755962:role/role_trino_vd",
              "role_arn_glue": "arn:aws:iam::039178755962:role/role_trino_for_glue_vd"
            }
          },
          "sensitive_attributes": []
        }
      ]
    },
    {
      "mode": "data",
      "type": "template_file",
      "name": "user_data_worker",
      "provider": "provider[\"registry.terraform.io/hashicorp/template\"]",
      "instances": [
        {
          "schema_version": 0,
          "attributes": {
            "filename": null,
            "id": "6a490f78b167f9544df31f238ed52b87d098f969db4b5f0e04ee1a826321f124",
            "rendered": "#!/bin/bash\n# Update the package lists for upgrades and new package installations\nsudo apt-get update\nsudo apt-get install -y wget tar python3 python3-pip openjdk-17-jdk\n\nmkdir /cli_trino\ncd /cli_trino\nwget 'https://repo1.maven.org/maven2/io/trino/trino-cli/425/trino-cli-425-executable.jar'\n\n# Create directory for Trino\ncd --\nmkdir /trino\n\n# Navigate to the trino directory\ncd --\ncd /trino\n\n# Download and extract Trino\nwget 'https://repo1.maven.org/maven2/io/trino/trino-server/425/trino-server-425.tar.gz'\ntar xzvf trino-server-425.tar.gz\n\n# Rename the extracted directory and create necessary directories\nmv trino-server-425 trino-server\ncd --\ncd /trino\nmkdir trino-data\ncd --\ncd /trino\nmkdir trino-server/etc\n\n# Create and configure node.properties file\ncat \u003e trino-server/etc/node.properties \u003c\u003c EOL\nnode.environment = production\nnode.id = trino-worker\nnode.data-dir = /trino/trino-data\nEOL\n\n# Create and configure jvm.config file\ncat \u003e trino-server/etc/jvm.config \u003c\u003c EOL\n-server\n-Xmx3G\n-XX:InitialRAMPercentage=80\n-XX:MaxRAMPercentage=80\n-XX:G1HeapRegionSize=32M\n-XX:+ExplicitGCInvokesConcurrent\n-XX:+ExitOnOutOfMemoryError\n-XX:+HeapDumpOnOutOfMemoryError\n-XX:-OmitStackTraceInFastThrow\n-XX:ReservedCodeCacheSize=512M\n-XX:PerMethodRecompilationCutoff=10000\n-XX:PerBytecodeRecompilationCutoff=10000\n-Djdk.attach.allowAttachSelf=true\n-Djdk.nio.maxCachedBufferSize=2000000\n-XX:+UnlockDiagnosticVMOptions\n-XX:+UseAESCTRIntrinsics\n-Dfile.encoding=UTF-8\n-XX:-G1UsePreventiveGC\n-XX:GCLockerRetryAllocationCount=32\nEOL\n\n# Create and configure config.properties file\ncat \u003e trino-server/etc/config.properties \u003c\u003c EOL\ncoordinator=false\nhttp-server.http.port=8080\ndiscovery.uri=http://10.0.1.142:8080\nEOL\n\n# Create and configure log.properties file\ncat \u003e trino-server/etc/log.properties \u003c\u003c EOL\nio.trino=INFO\nEOL\n\n# Create catalog directory and configure connector properties\ncd --\ncd /trino\nmkdir trino-server/etc/catalog\n\n# Databricks connector\ncat \u003e trino-server/etc/catalog/databricks.properties \u003c\u003c EOL\nconnector.name=delta_lake\nhive.metastore=glue\nhive.metastore.glue.region=ap-southeast-1\nhive.metastore.glue.iam-role= arn:aws:iam::039178755962:role/role_trino_vd\nhive.metastore.glue.aws-credentials-provider=com.amazonaws.auth.InstanceProfileCredentialsProvider\nhive.metastore.glue.pin-client-to-current-region=false\nhive.metastore.glue.max-connections=30\nhive.metastore.glue.max-error-retries=11\nEOL\n\n# Redshift connector\ncat \u003e trino-server/etc/catalog/redshift.properties \u003c\u003c EOL\nconnector.name=redshift\nconnection-url=jdbc:redshift://redshift-cluster-1.caysi7ehlfkv.ap-southeast-1.redshift.amazonaws.com:5439/dev\nconnection-user=awsuser\nconnection-password=Ducph4010\nEOL\n\n# S3 connector\ncat \u003e trino-server/etc/catalog/s3.properties \u003c\u003c EOL\nconnector.name=hive\nhive.metastore=glue\nhive.s3.path-style-access=true\nhive.metastore.glue.region= ap-southeast-1\nhive.metastore.glue.iam-role= arn:aws:iam::039178755962:role/role_trino_for_glue_vd\nhive.metastore.glue.aws-credentials-provider=com.amazonaws.auth.InstanceProfileCredentialsProvider\nhive.metastore.glue.pin-client-to-current-region=false\nhive.s3.ssl.enabled=false\nhive.non-managed-table-writes-enabled=true\nhive.parquet.use-column-names=true\nEOL\n\n# Set permissions for the Trino launcher\ncd --\nchmod +x /trino/trino-server/bin/launcher.py\n\n# Start Trino\ncd --\ncd /trino/trino-server/bin\nsudo python3 launcher.py run\nsudo python3 launcher.py start\n",
            "template": "#!/bin/bash\n# Update the package lists for upgrades and new package installations\nsudo apt-get update\nsudo apt-get install -y wget tar python3 python3-pip openjdk-17-jdk\n\nmkdir /cli_trino\ncd /cli_trino\nwget 'https://repo1.maven.org/maven2/io/trino/trino-cli/425/trino-cli-425-executable.jar'\n\n# Create directory for Trino\ncd --\nmkdir /trino\n\n# Navigate to the trino directory\ncd --\ncd /trino\n\n# Download and extract Trino\nwget 'https://repo1.maven.org/maven2/io/trino/trino-server/425/trino-server-425.tar.gz'\ntar xzvf trino-server-425.tar.gz\n\n# Rename the extracted directory and create necessary directories\nmv trino-server-425 trino-server\ncd --\ncd /trino\nmkdir trino-data\ncd --\ncd /trino\nmkdir trino-server/etc\n\n# Create and configure node.properties file\ncat \u003e trino-server/etc/node.properties \u003c\u003c EOL\nnode.environment = production\nnode.id = trino-worker\nnode.data-dir = /trino/trino-data\nEOL\n\n# Create and configure jvm.config file\ncat \u003e trino-server/etc/jvm.config \u003c\u003c EOL\n-server\n-Xmx3G\n-XX:InitialRAMPercentage=80\n-XX:MaxRAMPercentage=80\n-XX:G1HeapRegionSize=32M\n-XX:+ExplicitGCInvokesConcurrent\n-XX:+ExitOnOutOfMemoryError\n-XX:+HeapDumpOnOutOfMemoryError\n-XX:-OmitStackTraceInFastThrow\n-XX:ReservedCodeCacheSize=512M\n-XX:PerMethodRecompilationCutoff=10000\n-XX:PerBytecodeRecompilationCutoff=10000\n-Djdk.attach.allowAttachSelf=true\n-Djdk.nio.maxCachedBufferSize=2000000\n-XX:+UnlockDiagnosticVMOptions\n-XX:+UseAESCTRIntrinsics\n-Dfile.encoding=UTF-8\n-XX:-G1UsePreventiveGC\n-XX:GCLockerRetryAllocationCount=32\nEOL\n\n# Create and configure config.properties file\ncat \u003e trino-server/etc/config.properties \u003c\u003c EOL\ncoordinator=false\nhttp-server.http.port=8080\ndiscovery.uri=http://${private_ip_master}:8080\nEOL\n\n# Create and configure log.properties file\ncat \u003e trino-server/etc/log.properties \u003c\u003c EOL\nio.trino=INFO\nEOL\n\n# Create catalog directory and configure connector properties\ncd --\ncd /trino\nmkdir trino-server/etc/catalog\n\n# Databricks connector\ncat \u003e trino-server/etc/catalog/databricks.properties \u003c\u003c EOL\nconnector.name=delta_lake\nhive.metastore=glue\nhive.metastore.glue.region=ap-southeast-1\nhive.metastore.glue.iam-role= ${role_arn}\nhive.metastore.glue.aws-credentials-provider=com.amazonaws.auth.InstanceProfileCredentialsProvider\nhive.metastore.glue.pin-client-to-current-region=false\nhive.metastore.glue.max-connections=30\nhive.metastore.glue.max-error-retries=11\nEOL\n\n# Redshift connector\ncat \u003e trino-server/etc/catalog/redshift.properties \u003c\u003c EOL\nconnector.name=redshift\nconnection-url=jdbc:redshift://redshift-cluster-1.caysi7ehlfkv.ap-southeast-1.redshift.amazonaws.com:5439/dev\nconnection-user=awsuser\nconnection-password=Ducph4010\nEOL\n\n# S3 connector\ncat \u003e trino-server/etc/catalog/s3.properties \u003c\u003c EOL\nconnector.name=hive\nhive.metastore=glue\nhive.s3.path-style-access=true\nhive.metastore.glue.region= ap-southeast-1\nhive.metastore.glue.iam-role= ${role_arn_glue}\nhive.metastore.glue.aws-credentials-provider=com.amazonaws.auth.InstanceProfileCredentialsProvider\nhive.metastore.glue.pin-client-to-current-region=false\nhive.s3.ssl.enabled=false\nhive.non-managed-table-writes-enabled=true\nhive.parquet.use-column-names=true\nEOL\n\n# Set permissions for the Trino launcher\ncd --\nchmod +x /trino/trino-server/bin/launcher.py\n\n# Start Trino\ncd --\ncd /trino/trino-server/bin\nsudo python3 launcher.py run\nsudo python3 launcher.py start\n",
            "vars": {
              "private_ip_master": "10.0.1.142",
              "role_arn": "arn:aws:iam::039178755962:role/role_trino_vd",
              "role_arn_glue": "arn:aws:iam::039178755962:role/role_trino_for_glue_vd"
            }
          },
          "sensitive_attributes": []
        }
      ]
    },
    {
      "mode": "managed",
      "type": "aws_ami_from_instance",
      "name": "trino-ami-worker",
      "provider": "provider[\"registry.terraform.io/hashicorp/aws\"]",
      "instances": [
        {
          "schema_version": 0,
          "attributes": {
            "architecture": "x86_64",
            "arn": "arn:aws:ec2:ap-southeast-1::image/ami-07975e3f4a4133606",
            "boot_mode": "",
            "deprecation_time": "",
            "description": "",
            "ebs_block_device": [
              {
                "delete_on_termination": true,
                "device_name": "/dev/sda1",
                "encrypted": false,
                "iops": 0,
                "outpost_arn": "",
                "snapshot_id": "snap-04c53f94b9ca54660",
                "throughput": 0,
                "volume_size": 8,
                "volume_type": "gp2"
              }
            ],
            "ena_support": true,
            "ephemeral_block_device": [
              {
                "device_name": "/dev/sdb",
                "virtual_name": "ephemeral0"
              },
              {
                "device_name": "/dev/sdc",
                "virtual_name": "ephemeral1"
              }
            ],
            "hypervisor": "xen",
            "id": "ami-07975e3f4a4133606",
            "image_location": "039178755962/trino-ami-worker",
            "image_owner_alias": "",
            "image_type": "machine",
            "imds_support": "",
            "kernel_id": "",
            "manage_ebs_snapshots": true,
            "name": "trino-ami-worker",
            "owner_id": "039178755962",
            "platform": "",
            "platform_details": "Linux/UNIX",
            "public": false,
            "ramdisk_id": "",
            "root_device_name": "/dev/sda1",
            "root_snapshot_id": "snap-04c53f94b9ca54660",
            "snapshot_without_reboot": true,
            "source_instance_id": "i-0ff5c0287432ce24e",
            "sriov_net_support": "simple",
            "tags": {
              "Name": "trino-ami-worker"
            },
            "tags_all": {
              "Name": "trino-ami-worker"
            },
            "timeouts": null,
            "tpm_support": "",
            "usage_operation": "RunInstances",
            "virtualization_type": "hvm"
          },
          "sensitive_attributes": [],
          "private": "eyJlMmJmYjczMC1lY2FhLTExZTYtOGY4OC0zNDM2M2JjN2M0YzAiOnsiY3JlYXRlIjoyNDAwMDAwMDAwMDAwLCJkZWxldGUiOjU0MDAwMDAwMDAwMDAsInVwZGF0ZSI6MjQwMDAwMDAwMDAwMH19",
          "dependencies": [
            "aws_iam_instance_profile.instance_profile_trino_master",
            "aws_iam_instance_profile.instance_profile_trino_worker",
            "aws_iam_role.role_trino_for_glue_vd",
            "aws_iam_role.role_trino_vd",
            "aws_instance.trino-master",
            "aws_instance.trino-worker",
            "aws_security_group.sg_tf",
            "aws_subnet.subnet_tf",
            "aws_vpc.vpc_tf",
            "data.template_file.user_data_master",
            "data.template_file.user_data_worker"
          ]
        }
      ]
    },
    {
      "mode": "managed",
      "type": "aws_autoscaling_group",
      "name": "trino_worker_asg",
      "provider": "provider[\"registry.terraform.io/hashicorp/aws\"]",
      "instances": [
        {
          "schema_version": 1,
          "attributes": {
            "arn": "arn:aws:autoscaling:ap-southeast-1:039178755962:autoScalingGroup:732614f1-662d-4b54-80ea-063b7986137c:autoScalingGroupName/trino-worker-auto-scaling-group",
            "availability_zones": [
              "ap-southeast-1a"
            ],
            "capacity_rebalance": false,
            "context": "",
            "default_cooldown": 300,
            "default_instance_warmup": 0,
            "desired_capacity": 1,
            "desired_capacity_type": "",
            "enabled_metrics": null,
            "force_delete": false,
            "force_delete_warm_pool": false,
            "health_check_grace_period": 300,
            "health_check_type": "EC2",
            "id": "trino-worker-auto-scaling-group",
            "ignore_failed_scaling_activities": false,
            "initial_lifecycle_hook": [],
            "instance_refresh": [],
            "launch_configuration": "",
            "launch_template": [
              {
                "id": "lt-0941404d616506d44",
                "name": "trino-worker-launch-template",
                "version": "$Latest"
              }
            ],
            "load_balancers": [],
            "max_instance_lifetime": 0,
            "max_size": 3,
            "metrics_granularity": "1Minute",
            "min_elb_capacity": null,
            "min_size": 1,
            "mixed_instances_policy": [],
            "name": "trino-worker-auto-scaling-group",
            "name_prefix": "",
            "placement_group": "",
            "predicted_capacity": 0,
            "protect_from_scale_in": false,
            "service_linked_role_arn": "arn:aws:iam::039178755962:role/aws-service-role/autoscaling.amazonaws.com/AWSServiceRoleForAutoScaling",
            "suspended_processes": null,
            "tag": [
              {
                "key": "Name",
                "propagate_at_launch": true,
                "value": "trino-worker"
              }
            ],
            "target_group_arns": [],
            "termination_policies": null,
            "timeouts": null,
            "traffic_source": [],
            "vpc_zone_identifier": [
              "subnet-0af88422e4a86e660"
            ],
            "wait_for_capacity_timeout": "10m",
            "wait_for_elb_capacity": null,
            "warm_pool": [],
            "warm_pool_size": 0
          },
          "sensitive_attributes": [],
          "private": "eyJlMmJmYjczMC1lY2FhLTExZTYtOGY4OC0zNDM2M2JjN2M0YzAiOnsiZGVsZXRlIjo2MDAwMDAwMDAwMDAsInVwZGF0ZSI6NjAwMDAwMDAwMDAwfSwic2NoZW1hX3ZlcnNpb24iOiIxIn0=",
          "dependencies": [
            "aws_ami_from_instance.trino-ami-worker",
            "aws_iam_instance_profile.instance_profile_trino_master",
            "aws_iam_instance_profile.instance_profile_trino_worker",
            "aws_iam_role.role_trino_for_glue_vd",
            "aws_iam_role.role_trino_vd",
            "aws_instance.trino-master",
            "aws_instance.trino-worker",
            "aws_launch_template.trino_worker_lt",
            "aws_security_group.sg_tf",
            "aws_subnet.subnet_tf",
            "aws_vpc.vpc_tf",
            "data.template_file.user_data_master",
            "data.template_file.user_data_worker"
          ]
        }
      ]
    },
    {
      "mode": "managed",
      "type": "aws_iam_instance_profile",
      "name": "instance_profile_trino_master",
      "provider": "provider[\"registry.terraform.io/hashicorp/aws\"]",
      "instances": [
        {
          "schema_version": 0,
          "attributes": {
            "arn": "arn:aws:iam::039178755962:instance-profile/instance_profile_trino_master",
            "create_date": "2023-12-05T08:20:26Z",
            "id": "instance_profile_trino_master",
            "name": "instance_profile_trino_master",
            "name_prefix": "",
            "path": "/",
            "role": "role_trino_vd",
            "tags": null,
            "tags_all": {},
            "unique_id": "AIPAQSHZ4L55A2KBG4DIR"
          },
          "sensitive_attributes": [],
          "private": "bnVsbA=="
        }
      ]
    },
    {
      "mode": "managed",
      "type": "aws_iam_instance_profile",
      "name": "instance_profile_trino_worker",
      "provider": "provider[\"registry.terraform.io/hashicorp/aws\"]",
      "instances": [
        {
          "schema_version": 0,
          "attributes": {
            "arn": "arn:aws:iam::039178755962:instance-profile/instance_profile_trino_worker",
            "create_date": "2023-12-05T08:20:26Z",
            "id": "instance_profile_trino_worker",
            "name": "instance_profile_trino_worker",
            "name_prefix": "",
            "path": "/",
            "role": "role_trino_vd",
            "tags": null,
            "tags_all": {},
            "unique_id": "AIPAQSHZ4L55PGAPRD3ZJ"
          },
          "sensitive_attributes": [],
          "private": "bnVsbA=="
        }
      ]
    },
    {
      "mode": "managed",
      "type": "aws_iam_role",
      "name": "role_trino_for_glue_vd",
      "provider": "provider[\"registry.terraform.io/hashicorp/aws\"]",
      "instances": [
        {
          "schema_version": 0,
          "attributes": {
            "arn": "arn:aws:iam::039178755962:role/role_trino_for_glue_vd",
            "assume_role_policy": "{\"Statement\":[{\"Action\":\"sts:AssumeRole\",\"Effect\":\"Allow\",\"Principal\":{\"Service\":\"glue.amazonaws.com\"}}],\"Version\":\"2012-10-17\"}",
            "create_date": "2023-12-05T08:20:26Z",
            "description": "",
            "force_detach_policies": false,
            "id": "role_trino_for_glue_vd",
            "inline_policy": [],
            "managed_policy_arns": [],
            "max_session_duration": 3600,
            "name": "role_trino_for_glue_vd",
            "name_prefix": "",
            "path": "/",
            "permissions_boundary": "",
            "tags": null,
            "tags_all": {},
            "unique_id": "AROAQSHZ4L55CQHGQPBQ2"
          },
          "sensitive_attributes": [],
          "private": "bnVsbA=="
        }
      ]
    },
    {
      "mode": "managed",
      "type": "aws_iam_role",
      "name": "role_trino_vd",
      "provider": "provider[\"registry.terraform.io/hashicorp/aws\"]",
      "instances": [
        {
          "schema_version": 0,
          "attributes": {
            "arn": "arn:aws:iam::039178755962:role/role_trino_vd",
            "assume_role_policy": "{\"Statement\":[{\"Action\":\"sts:AssumeRole\",\"Effect\":\"Allow\",\"Principal\":{\"Service\":\"ec2.amazonaws.com\"}}],\"Version\":\"2012-10-17\"}",
            "create_date": "2023-12-05T08:20:26Z",
            "description": "",
            "force_detach_policies": false,
            "id": "role_trino_vd",
            "inline_policy": [],
            "managed_policy_arns": [],
            "max_session_duration": 3600,
            "name": "role_trino_vd",
            "name_prefix": "",
            "path": "/",
            "permissions_boundary": "",
            "tags": null,
            "tags_all": {},
            "unique_id": "AROAQSHZ4L55NEJOOSSDZ"
          },
          "sensitive_attributes": [],
          "private": "bnVsbA=="
        }
      ]
    },
    {
      "mode": "managed",
      "type": "aws_iam_role_policy_attachment",
      "name": "athena_full_access_a",
      "provider": "provider[\"registry.terraform.io/hashicorp/aws\"]",
      "instances": [
        {
          "schema_version": 0,
          "attributes": {
            "id": "role_trino_for_glue_vd-20231205082027893200000003",
            "policy_arn": "arn:aws:iam::aws:policy/AmazonAthenaFullAccess",
            "role": "role_trino_for_glue_vd"
          },
          "sensitive_attributes": [],
          "private": "bnVsbA==",
          "dependencies": [
            "aws_iam_role.role_trino_for_glue_vd"
          ]
        }
      ]
    },
    {
      "mode": "managed",
      "type": "aws_iam_role_policy_attachment",
      "name": "ec2_full_access",
      "provider": "provider[\"registry.terraform.io/hashicorp/aws\"]",
      "instances": [
        {
          "schema_version": 0,
          "attributes": {
            "id": "role_trino_vd-2023120508202884190000000d",
            "policy_arn": "arn:aws:iam::aws:policy/AmazonEC2FullAccess",
            "role": "role_trino_vd"
          },
          "sensitive_attributes": [],
          "private": "bnVsbA==",
          "dependencies": [
            "aws_iam_role.role_trino_vd"
          ]
        }
      ]
    },
    {
      "mode": "managed",
      "type": "aws_iam_role_policy_attachment",
      "name": "glue_console_full_access",
      "provider": "provider[\"registry.terraform.io/hashicorp/aws\"]",
      "instances": [
        {
          "schema_version": 0,
          "attributes": {
            "id": "role_trino_vd-20231205082028599700000007",
            "policy_arn": "arn:aws:iam::aws:policy/AWSGlueConsoleFullAccess",
            "role": "role_trino_vd"
          },
          "sensitive_attributes": [],
          "private": "bnVsbA==",
          "dependencies": [
            "aws_iam_role.role_trino_vd"
          ]
        }
      ]
    },
    {
      "mode": "managed",
      "type": "aws_iam_role_policy_attachment",
      "name": "glue_console_full_access_a",
      "provider": "provider[\"registry.terraform.io/hashicorp/aws\"]",
      "instances": [
        {
          "schema_version": 0,
          "attributes": {
            "id": "role_trino_for_glue_vd-20231205082027736200000001",
            "policy_arn": "arn:aws:iam::aws:policy/AWSGlueConsoleFullAccess",
            "role": "role_trino_for_glue_vd"
          },
          "sensitive_attributes": [],
          "private": "bnVsbA==",
          "dependencies": [
            "aws_iam_role.role_trino_for_glue_vd"
          ]
        }
      ]
    },
    {
      "mode": "managed",
      "type": "aws_iam_role_policy_attachment",
      "name": "glue_databrew_service_role_a",
      "provider": "provider[\"registry.terraform.io/hashicorp/aws\"]",
      "instances": [
        {
          "schema_version": 0,
          "attributes": {
            "id": "role_trino_for_glue_vd-20231205082027933700000004",
            "policy_arn": "arn:aws:iam::aws:policy/service-role/AWSGlueDataBrewServiceRole",
            "role": "role_trino_for_glue_vd"
          },
          "sensitive_attributes": [],
          "private": "bnVsbA==",
          "dependencies": [
            "aws_iam_role.role_trino_for_glue_vd"
          ]
        }
      ]
    },
    {
      "mode": "managed",
      "type": "aws_iam_role_policy_attachment",
      "name": "glue_schema_registry_full_access",
      "provider": "provider[\"registry.terraform.io/hashicorp/aws\"]",
      "instances": [
        {
          "schema_version": 0,
          "attributes": {
            "id": "role_trino_vd-20231205082028651200000009",
            "policy_arn": "arn:aws:iam::aws:policy/AWSGlueSchemaRegistryFullAccess",
            "role": "role_trino_vd"
          },
          "sensitive_attributes": [],
          "private": "bnVsbA==",
          "dependencies": [
            "aws_iam_role.role_trino_vd"
          ]
        }
      ]
    },
    {
      "mode": "managed",
      "type": "aws_iam_role_policy_attachment",
      "name": "glue_schema_registry_full_access_a",
      "provider": "provider[\"registry.terraform.io/hashicorp/aws\"]",
      "instances": [
        {
          "schema_version": 0,
          "attributes": {
            "id": "role_trino_for_glue_vd-20231205082027892000000002",
            "policy_arn": "arn:aws:iam::aws:policy/AWSGlueSchemaRegistryFullAccess",
            "role": "role_trino_for_glue_vd"
          },
          "sensitive_attributes": [],
          "private": "bnVsbA==",
          "dependencies": [
            "aws_iam_role.role_trino_for_glue_vd"
          ]
        }
      ]
    },
    {
      "mode": "managed",
      "type": "aws_iam_role_policy_attachment",
      "name": "glue_service_role",
      "provider": "provider[\"registry.terraform.io/hashicorp/aws\"]",
      "instances": [
        {
          "schema_version": 0,
          "attributes": {
            "id": "role_trino_vd-2023120508202879440000000c",
            "policy_arn": "arn:aws:iam::aws:policy/service-role/AWSGlueServiceRole",
            "role": "role_trino_vd"
          },
          "sensitive_attributes": [],
          "private": "bnVsbA==",
          "dependencies": [
            "aws_iam_role.role_trino_vd"
          ]
        }
      ]
    },
    {
      "mode": "managed",
      "type": "aws_iam_role_policy_attachment",
      "name": "glue_service_role_a",
      "provider": "provider[\"registry.terraform.io/hashicorp/aws\"]",
      "instances": [
        {
          "schema_version": 0,
          "attributes": {
            "id": "role_trino_for_glue_vd-20231205082028286200000006",
            "policy_arn": "arn:aws:iam::aws:policy/service-role/AWSGlueServiceRole",
            "role": "role_trino_for_glue_vd"
          },
          "sensitive_attributes": [],
          "private": "bnVsbA==",
          "dependencies": [
            "aws_iam_role.role_trino_for_glue_vd"
          ]
        }
      ]
    },
    {
      "mode": "managed",
      "type": "aws_iam_role_policy_attachment",
      "name": "s3_full_access",
      "provider": "provider[\"registry.terraform.io/hashicorp/aws\"]",
      "instances": [
        {
          "schema_version": 0,
          "attributes": {
            "id": "role_trino_vd-2023120508202878580000000b",
            "policy_arn": "arn:aws:iam::aws:policy/AmazonS3FullAccess",
            "role": "role_trino_vd"
          },
          "sensitive_attributes": [],
          "private": "bnVsbA==",
          "dependencies": [
            "aws_iam_role.role_trino_vd"
          ]
        }
      ]
    },
    {
      "mode": "managed",
      "type": "aws_iam_role_policy_attachment",
      "name": "s3_full_access_a",
      "provider": "provider[\"registry.terraform.io/hashicorp/aws\"]",
      "instances": [
        {
          "schema_version": 0,
          "attributes": {
            "id": "role_trino_for_glue_vd-20231205082028055500000005",
            "policy_arn": "arn:aws:iam::aws:policy/AmazonS3FullAccess",
            "role": "role_trino_for_glue_vd"
          },
          "sensitive_attributes": [],
          "private": "bnVsbA==",
          "dependencies": [
            "aws_iam_role.role_trino_for_glue_vd"
          ]
        }
      ]
    },
    {
      "mode": "managed",
      "type": "aws_iam_role_policy_attachment",
      "name": "s3_outposts_full_access",
      "provider": "provider[\"registry.terraform.io/hashicorp/aws\"]",
      "instances": [
        {
          "schema_version": 0,
          "attributes": {
            "id": "role_trino_vd-2023120508202876550000000a",
            "policy_arn": "arn:aws:iam::aws:policy/AmazonS3OutpostsFullAccess",
            "role": "role_trino_vd"
          },
          "sensitive_attributes": [],
          "private": "bnVsbA==",
          "dependencies": [
            "aws_iam_role.role_trino_vd"
          ]
        }
      ]
    },
    {
      "mode": "managed",
      "type": "aws_iam_role_policy_attachment",
      "name": "ssm_read_only_access",
      "provider": "provider[\"registry.terraform.io/hashicorp/aws\"]",
      "instances": [
        {
          "schema_version": 0,
          "attributes": {
            "id": "role_trino_vd-20231205082028633300000008",
            "policy_arn": "arn:aws:iam::aws:policy/AmazonSSMReadOnlyAccess",
            "role": "role_trino_vd"
          },
          "sensitive_attributes": [],
          "private": "bnVsbA==",
          "dependencies": [
            "aws_iam_role.role_trino_vd"
          ]
        }
      ]
    },
    {
      "mode": "managed",
      "type": "aws_instance",
      "name": "trino-master",
      "provider": "provider[\"registry.terraform.io/hashicorp/aws\"]",
      "instances": [
        {
          "schema_version": 1,
          "attributes": {
            "ami": "ami-078c1149d8ad719a7",
            "arn": "arn:aws:ec2:ap-southeast-1:039178755962:instance/i-09cf0877f95d6ae6d",
            "associate_public_ip_address": true,
            "availability_zone": "ap-southeast-1a",
            "capacity_reservation_specification": [
              {
                "capacity_reservation_preference": "open",
                "capacity_reservation_target": []
              }
            ],
            "cpu_core_count": 2,
            "cpu_options": [
              {
                "amd_sev_snp": "",
                "core_count": 2,
                "threads_per_core": 1
              }
            ],
            "cpu_threads_per_core": 1,
            "credit_specification": [
              {
                "cpu_credits": "standard"
              }
            ],
            "disable_api_stop": false,
            "disable_api_termination": false,
            "ebs_block_device": [],
            "ebs_optimized": false,
            "enclave_options": [
              {
                "enabled": false
              }
            ],
            "ephemeral_block_device": [],
            "get_password_data": false,
            "hibernation": false,
            "host_id": "",
            "host_resource_group_arn": null,
            "iam_instance_profile": "instance_profile_trino_master",
            "id": "i-09cf0877f95d6ae6d",
            "instance_initiated_shutdown_behavior": "stop",
            "instance_lifecycle": "",
            "instance_market_options": [],
            "instance_state": "running",
            "instance_type": "t2.medium",
            "ipv6_address_count": 0,
            "ipv6_addresses": [],
            "key_name": "trino-test",
            "launch_template": [],
            "maintenance_options": [
              {
                "auto_recovery": "default"
              }
            ],
            "metadata_options": [
              {
                "http_endpoint": "enabled",
                "http_protocol_ipv6": "disabled",
                "http_put_response_hop_limit": 1,
                "http_tokens": "optional",
                "instance_metadata_tags": "disabled"
              }
            ],
            "monitoring": false,
            "network_interface": [],
            "outpost_arn": "",
            "password_data": "",
            "placement_group": "",
            "placement_partition_number": 0,
            "primary_network_interface_id": "eni-0ffce0d1d844edf7e",
            "private_dns": "ip-10-0-1-142.ap-southeast-1.compute.internal",
            "private_dns_name_options": [
              {
                "enable_resource_name_dns_a_record": false,
                "enable_resource_name_dns_aaaa_record": false,
                "hostname_type": "ip-name"
              }
            ],
            "private_ip": "10.0.1.142",
            "public_dns": "",
            "public_ip": "13.250.58.238",
            "root_block_device": [
              {
                "delete_on_termination": true,
                "device_name": "/dev/sda1",
                "encrypted": false,
                "iops": 100,
                "kms_key_id": "",
                "tags": {},
                "throughput": 0,
                "volume_id": "vol-0789b532a7e9268d8",
                "volume_size": 8,
                "volume_type": "gp2"
              }
            ],
            "secondary_private_ips": [],
            "security_groups": [],
            "source_dest_check": true,
            "spot_instance_request_id": "",
            "subnet_id": "subnet-0af88422e4a86e660",
            "tags": {
              "Name": "trino-master-vd"
            },
            "tags_all": {
              "Name": "trino-master-vd"
            },
            "tenancy": "default",
            "timeouts": null,
            "user_data": "25f72accaad164b3b0a58cd9862be3bad4e184cb",
            "user_data_base64": null,
            "user_data_replace_on_change": false,
            "volume_tags": null,
            "vpc_security_group_ids": [
              "sg-06a1f7f9a9d0110be"
            ]
          },
          "sensitive_attributes": [],
          "private": "eyJlMmJmYjczMC1lY2FhLTExZTYtOGY4OC0zNDM2M2JjN2M0YzAiOnsiY3JlYXRlIjo2MDAwMDAwMDAwMDAsImRlbGV0ZSI6MTIwMDAwMDAwMDAwMCwidXBkYXRlIjo2MDAwMDAwMDAwMDB9LCJzY2hlbWFfdmVyc2lvbiI6IjEifQ==",
          "dependencies": [
            "aws_iam_instance_profile.instance_profile_trino_master",
            "aws_iam_role.role_trino_for_glue_vd",
            "aws_iam_role.role_trino_vd",
            "aws_security_group.sg_tf",
            "aws_subnet.subnet_tf",
            "aws_vpc.vpc_tf",
            "data.template_file.user_data_master"
          ]
        }
      ]
    },
    {
      "mode": "managed",
      "type": "aws_instance",
      "name": "trino-worker",
      "provider": "provider[\"registry.terraform.io/hashicorp/aws\"]",
      "instances": [
        {
          "schema_version": 1,
          "attributes": {
            "ami": "ami-078c1149d8ad719a7",
            "arn": "arn:aws:ec2:ap-southeast-1:039178755962:instance/i-0ff5c0287432ce24e",
            "associate_public_ip_address": true,
            "availability_zone": "ap-southeast-1a",
            "capacity_reservation_specification": [
              {
                "capacity_reservation_preference": "open",
                "capacity_reservation_target": []
              }
            ],
            "cpu_core_count": 2,
            "cpu_options": [
              {
                "amd_sev_snp": "",
                "core_count": 2,
                "threads_per_core": 1
              }
            ],
            "cpu_threads_per_core": 1,
            "credit_specification": [
              {
                "cpu_credits": "standard"
              }
            ],
            "disable_api_stop": false,
            "disable_api_termination": false,
            "ebs_block_device": [],
            "ebs_optimized": false,
            "enclave_options": [
              {
                "enabled": false
              }
            ],
            "ephemeral_block_device": [],
            "get_password_data": false,
            "hibernation": false,
            "host_id": "",
            "host_resource_group_arn": null,
            "iam_instance_profile": "instance_profile_trino_worker",
            "id": "i-0ff5c0287432ce24e",
            "instance_initiated_shutdown_behavior": "stop",
            "instance_lifecycle": "",
            "instance_market_options": [],
            "instance_state": "running",
            "instance_type": "t2.medium",
            "ipv6_address_count": 0,
            "ipv6_addresses": [],
            "key_name": "trino-test",
            "launch_template": [],
            "maintenance_options": [
              {
                "auto_recovery": "default"
              }
            ],
            "metadata_options": [
              {
                "http_endpoint": "enabled",
                "http_protocol_ipv6": "disabled",
                "http_put_response_hop_limit": 1,
                "http_tokens": "optional",
                "instance_metadata_tags": "disabled"
              }
            ],
            "monitoring": false,
            "network_interface": [],
            "outpost_arn": "",
            "password_data": "",
            "placement_group": "",
            "placement_partition_number": 0,
            "primary_network_interface_id": "eni-0eabbee57896f9099",
            "private_dns": "ip-10-0-1-251.ap-southeast-1.compute.internal",
            "private_dns_name_options": [
              {
                "enable_resource_name_dns_a_record": false,
                "enable_resource_name_dns_aaaa_record": false,
                "hostname_type": "ip-name"
              }
            ],
            "private_ip": "10.0.1.251",
            "public_dns": "",
            "public_ip": "13.212.13.71",
            "root_block_device": [
              {
                "delete_on_termination": true,
                "device_name": "/dev/sda1",
                "encrypted": false,
                "iops": 100,
                "kms_key_id": "",
                "tags": {},
                "throughput": 0,
                "volume_id": "vol-0df57b662e3140d58",
                "volume_size": 8,
                "volume_type": "gp2"
              }
            ],
            "secondary_private_ips": [],
            "security_groups": [],
            "source_dest_check": true,
            "spot_instance_request_id": "",
            "subnet_id": "subnet-0af88422e4a86e660",
            "tags": {
              "Name": "trino-worker-vd"
            },
            "tags_all": {
              "Name": "trino-worker-vd"
            },
            "tenancy": "default",
            "timeouts": null,
            "user_data": "19f2cb8e706dd133a33e4735ee3c7a635a245235",
            "user_data_base64": null,
            "user_data_replace_on_change": false,
            "volume_tags": null,
            "vpc_security_group_ids": [
              "sg-06a1f7f9a9d0110be"
            ]
          },
          "sensitive_attributes": [],
          "private": "eyJlMmJmYjczMC1lY2FhLTExZTYtOGY4OC0zNDM2M2JjN2M0YzAiOnsiY3JlYXRlIjo2MDAwMDAwMDAwMDAsImRlbGV0ZSI6MTIwMDAwMDAwMDAwMCwidXBkYXRlIjo2MDAwMDAwMDAwMDB9LCJzY2hlbWFfdmVyc2lvbiI6IjEifQ==",
          "dependencies": [
            "aws_iam_instance_profile.instance_profile_trino_master",
            "aws_iam_instance_profile.instance_profile_trino_worker",
            "aws_iam_role.role_trino_for_glue_vd",
            "aws_iam_role.role_trino_vd",
            "aws_instance.trino-master",
            "aws_security_group.sg_tf",
            "aws_subnet.subnet_tf",
            "aws_vpc.vpc_tf",
            "data.template_file.user_data_master",
            "data.template_file.user_data_worker"
          ]
        }
      ]
    },
    {
      "mode": "managed",
      "type": "aws_internet_gateway",
      "name": "igw_tf",
      "provider": "provider[\"registry.terraform.io/hashicorp/aws\"]",
      "instances": [
        {
          "schema_version": 0,
          "attributes": {
            "arn": "arn:aws:ec2:ap-southeast-1:039178755962:internet-gateway/igw-0e020ce8b11159472",
            "id": "igw-0e020ce8b11159472",
            "owner_id": "039178755962",
            "tags": {
              "Name": "igw_tf"
            },
            "tags_all": {
              "Name": "igw_tf"
            },
            "timeouts": null,
            "vpc_id": "vpc-072a7cedc2fbbd2be"
          },
          "sensitive_attributes": [],
          "private": "eyJlMmJmYjczMC1lY2FhLTExZTYtOGY4OC0zNDM2M2JjN2M0YzAiOnsiY3JlYXRlIjoxMjAwMDAwMDAwMDAwLCJkZWxldGUiOjEyMDAwMDAwMDAwMDAsInVwZGF0ZSI6MTIwMDAwMDAwMDAwMH19",
          "dependencies": [
            "aws_vpc.vpc_tf"
          ]
        }
      ]
    },
    {
      "mode": "managed",
      "type": "aws_launch_template",
      "name": "trino_worker_lt",
      "provider": "provider[\"registry.terraform.io/hashicorp/aws\"]",
      "instances": [
        {
          "schema_version": 0,
          "attributes": {
            "arn": "arn:aws:ec2:ap-southeast-1:039178755962:launch-template/lt-0941404d616506d44",
            "block_device_mappings": [],
            "capacity_reservation_specification": [],
            "cpu_options": [],
            "credit_specification": [],
            "default_version": 1,
            "description": "",
            "disable_api_stop": false,
            "disable_api_termination": false,
            "ebs_optimized": "",
            "elastic_gpu_specifications": [],
            "elastic_inference_accelerator": [],
            "enclave_options": [],
            "hibernation_options": [],
            "iam_instance_profile": [
              {
                "arn": "",
                "name": "instance_profile_trino_worker"
              }
            ],
            "id": "lt-0941404d616506d44",
            "image_id": "ami-07975e3f4a4133606",
            "instance_initiated_shutdown_behavior": "",
            "instance_market_options": [],
            "instance_requirements": [],
            "instance_type": "t2.medium",
            "kernel_id": "",
            "key_name": "trino-test",
            "latest_version": 1,
            "license_specification": [],
            "maintenance_options": [],
            "metadata_options": [],
            "monitoring": [],
            "name": "trino-worker-launch-template",
            "name_prefix": "",
            "network_interfaces": [],
            "placement": [],
            "private_dns_name_options": [],
            "ram_disk_id": "",
            "security_group_names": null,
            "tag_specifications": [
              {
                "resource_type": "instance",
                "tags": {
                  "Name": "trino-worker"
                }
              }
            ],
            "tags": null,
            "tags_all": {},
            "update_default_version": null,
            "user_data": "IyEvYmluL2Jhc2gKY2QgL3RyaW5vCnN1ZG8gc2VkIC1pICJzL25vZGUuaWQgPSA1MmE5NzI0Ny10cmluby13b3JrZXItMDIvbm9kZS5pZCA9ICQodXVpZGdlbikvZyIgdHJpbm8tc2VydmVyL2V0Yy9ub2RlLnByb3BlcnRpZXMKc3VkbyBweXRob24zIHRyaW5vLXNlcnZlci9iaW4vbGF1bmNoZXIucHkgcmVzdGFydA==",
            "vpc_security_group_ids": [
              "sg-06a1f7f9a9d0110be"
            ]
          },
          "sensitive_attributes": [],
          "private": "bnVsbA==",
          "dependencies": [
            "aws_ami_from_instance.trino-ami-worker",
            "aws_iam_instance_profile.instance_profile_trino_master",
            "aws_iam_instance_profile.instance_profile_trino_worker",
            "aws_iam_role.role_trino_for_glue_vd",
            "aws_iam_role.role_trino_vd",
            "aws_instance.trino-master",
            "aws_instance.trino-worker",
            "aws_security_group.sg_tf",
            "aws_subnet.subnet_tf",
            "aws_vpc.vpc_tf",
            "data.template_file.user_data_master",
            "data.template_file.user_data_worker"
          ]
        }
      ]
    },
    {
      "mode": "managed",
      "type": "aws_route_table",
      "name": "rt_tf",
      "provider": "provider[\"registry.terraform.io/hashicorp/aws\"]",
      "instances": [
        {
          "schema_version": 0,
          "attributes": {
            "arn": "arn:aws:ec2:ap-southeast-1:039178755962:route-table/rtb-085631540cb9c631e",
            "id": "rtb-085631540cb9c631e",
            "owner_id": "039178755962",
            "propagating_vgws": [],
            "route": [
              {
                "carrier_gateway_id": "",
                "cidr_block": "0.0.0.0/0",
                "core_network_arn": "",
                "destination_prefix_list_id": "",
                "egress_only_gateway_id": "",
                "gateway_id": "igw-0e020ce8b11159472",
                "ipv6_cidr_block": "",
                "local_gateway_id": "",
                "nat_gateway_id": "",
                "network_interface_id": "",
                "transit_gateway_id": "",
                "vpc_endpoint_id": "",
                "vpc_peering_connection_id": ""
              }
            ],
            "tags": {
              "Name": "rt_tf"
            },
            "tags_all": {
              "Name": "rt_tf"
            },
            "timeouts": null,
            "vpc_id": "vpc-072a7cedc2fbbd2be"
          },
          "sensitive_attributes": [],
          "private": "eyJlMmJmYjczMC1lY2FhLTExZTYtOGY4OC0zNDM2M2JjN2M0YzAiOnsiY3JlYXRlIjozMDAwMDAwMDAwMDAsImRlbGV0ZSI6MzAwMDAwMDAwMDAwLCJ1cGRhdGUiOjEyMDAwMDAwMDAwMH19",
          "dependencies": [
            "aws_internet_gateway.igw_tf",
            "aws_vpc.vpc_tf"
          ]
        }
      ]
    },
    {
      "mode": "managed",
      "type": "aws_route_table_association",
      "name": "a_tf",
      "provider": "provider[\"registry.terraform.io/hashicorp/aws\"]",
      "instances": [
        {
          "schema_version": 0,
          "attributes": {
            "gateway_id": "",
            "id": "rtbassoc-0c747996291fbcf37",
            "route_table_id": "rtb-085631540cb9c631e",
            "subnet_id": "subnet-0af88422e4a86e660",
            "timeouts": null
          },
          "sensitive_attributes": [],
          "private": "eyJlMmJmYjczMC1lY2FhLTExZTYtOGY4OC0zNDM2M2JjN2M0YzAiOnsiY3JlYXRlIjozMDAwMDAwMDAwMDAsImRlbGV0ZSI6MzAwMDAwMDAwMDAwLCJ1cGRhdGUiOjEyMDAwMDAwMDAwMH19",
          "dependencies": [
            "aws_internet_gateway.igw_tf",
            "aws_route_table.rt_tf",
            "aws_subnet.subnet_tf",
            "aws_vpc.vpc_tf"
          ]
        }
      ]
    },
    {
      "mode": "managed",
      "type": "aws_security_group",
      "name": "sg_tf",
      "provider": "provider[\"registry.terraform.io/hashicorp/aws\"]",
      "instances": [
        {
          "schema_version": 1,
          "attributes": {
            "arn": "arn:aws:ec2:ap-southeast-1:039178755962:security-group/sg-06a1f7f9a9d0110be",
            "description": "Allow SSH and HTTP",
            "egress": [
              {
                "cidr_blocks": [
                  "0.0.0.0/0"
                ],
                "description": "",
                "from_port": 0,
                "ipv6_cidr_blocks": [],
                "prefix_list_ids": [],
                "protocol": "-1",
                "security_groups": [],
                "self": false,
                "to_port": 0
              }
            ],
            "id": "sg-06a1f7f9a9d0110be",
            "ingress": [
              {
                "cidr_blocks": [
                  "0.0.0.0/0"
                ],
                "description": "",
                "from_port": 22,
                "ipv6_cidr_blocks": [],
                "prefix_list_ids": [],
                "protocol": "tcp",
                "security_groups": [],
                "self": false,
                "to_port": 22
              },
              {
                "cidr_blocks": [
                  "0.0.0.0/0"
                ],
                "description": "",
                "from_port": 8080,
                "ipv6_cidr_blocks": [],
                "prefix_list_ids": [],
                "protocol": "tcp",
                "security_groups": [],
                "self": false,
                "to_port": 8080
              },
              {
                "cidr_blocks": [
                  "0.0.0.0/0"
                ],
                "description": "",
                "from_port": 80,
                "ipv6_cidr_blocks": [],
                "prefix_list_ids": [],
                "protocol": "tcp",
                "security_groups": [],
                "self": false,
                "to_port": 80
              }
            ],
            "name": "sg_tf",
            "name_prefix": "",
            "owner_id": "039178755962",
            "revoke_rules_on_delete": false,
            "tags": {
              "Name": "sg_tf"
            },
            "tags_all": {
              "Name": "sg_tf"
            },
            "timeouts": null,
            "vpc_id": "vpc-072a7cedc2fbbd2be"
          },
          "sensitive_attributes": [],
          "private": "eyJlMmJmYjczMC1lY2FhLTExZTYtOGY4OC0zNDM2M2JjN2M0YzAiOnsiY3JlYXRlIjo2MDAwMDAwMDAwMDAsImRlbGV0ZSI6OTAwMDAwMDAwMDAwfSwic2NoZW1hX3ZlcnNpb24iOiIxIn0=",
          "dependencies": [
            "aws_vpc.vpc_tf"
          ]
        }
      ]
    },
    {
      "mode": "managed",
      "type": "aws_subnet",
      "name": "subnet_tf",
      "provider": "provider[\"registry.terraform.io/hashicorp/aws\"]",
      "instances": [
        {
          "schema_version": 1,
          "attributes": {
            "arn": "arn:aws:ec2:ap-southeast-1:039178755962:subnet/subnet-0af88422e4a86e660",
            "assign_ipv6_address_on_creation": false,
            "availability_zone": "ap-southeast-1a",
            "availability_zone_id": "apse1-az2",
            "cidr_block": "10.0.1.0/24",
            "customer_owned_ipv4_pool": "",
            "enable_dns64": false,
            "enable_lni_at_device_index": 0,
            "enable_resource_name_dns_a_record_on_launch": false,
            "enable_resource_name_dns_aaaa_record_on_launch": false,
            "id": "subnet-0af88422e4a86e660",
            "ipv6_cidr_block": "",
            "ipv6_cidr_block_association_id": "",
            "ipv6_native": false,
            "map_customer_owned_ip_on_launch": false,
            "map_public_ip_on_launch": true,
            "outpost_arn": "",
            "owner_id": "039178755962",
            "private_dns_hostname_type_on_launch": "ip-name",
            "tags": {
              "Name": "subnet_tf"
            },
            "tags_all": {
              "Name": "subnet_tf"
            },
            "timeouts": null,
            "vpc_id": "vpc-072a7cedc2fbbd2be"
          },
          "sensitive_attributes": [],
          "private": "eyJlMmJmYjczMC1lY2FhLTExZTYtOGY4OC0zNDM2M2JjN2M0YzAiOnsiY3JlYXRlIjo2MDAwMDAwMDAwMDAsImRlbGV0ZSI6MTIwMDAwMDAwMDAwMH0sInNjaGVtYV92ZXJzaW9uIjoiMSJ9",
          "dependencies": [
            "aws_vpc.vpc_tf"
          ]
        }
      ]
    },
    {
      "mode": "managed",
      "type": "aws_vpc",
      "name": "vpc_tf",
      "provider": "provider[\"registry.terraform.io/hashicorp/aws\"]",
      "instances": [
        {
          "schema_version": 1,
          "attributes": {
            "arn": "arn:aws:ec2:ap-southeast-1:039178755962:vpc/vpc-072a7cedc2fbbd2be",
            "assign_generated_ipv6_cidr_block": false,
            "cidr_block": "10.0.0.0/16",
            "default_network_acl_id": "acl-0174caa30590f3270",
            "default_route_table_id": "rtb-060bd0ef9ff3ff58c",
            "default_security_group_id": "sg-0adbd4678146d9036",
            "dhcp_options_id": "dopt-787c861e",
            "enable_dns_hostnames": false,
            "enable_dns_support": true,
            "enable_network_address_usage_metrics": false,
            "id": "vpc-072a7cedc2fbbd2be",
            "instance_tenancy": "default",
            "ipv4_ipam_pool_id": null,
            "ipv4_netmask_length": null,
            "ipv6_association_id": "",
            "ipv6_cidr_block": "",
            "ipv6_cidr_block_network_border_group": "",
            "ipv6_ipam_pool_id": "",
            "ipv6_netmask_length": 0,
            "main_route_table_id": "rtb-060bd0ef9ff3ff58c",
            "owner_id": "039178755962",
            "tags": {
              "Name": "vpc_tf"
            },
            "tags_all": {
              "Name": "vpc_tf"
            }
          },
          "sensitive_attributes": [],
          "private": "eyJzY2hlbWFfdmVyc2lvbiI6IjEifQ=="
        }
      ]
    }
  ],
  "check_results": null
}
